
Microsoft Visual Studio Solution File, Format Version 12.00
# Visual Studio Version 17
VisualStudioVersion = 17.6.33815.320
MinimumVisualStudioVersion = 10.0.40219.1
Project("{FAE04EC0-301F-11D3-BF4B-00C04F79EFBC}") = "YB.DownloadVideos", "YB.DownloadVideos.csproj", "{20F557F3-EC22-4AD8-981A-69EE59F03C82}"
EndProject
Global
	GlobalSection(SolutionConfigurationPlatforms) = preSolution
		Debug|Any CPU = Debug|Any CPU
		Release|Any CPU = Release|Any CPU
	EndGlobalSection
	GlobalSection(ProjectConfigurationPlatforms) = postSolution
		{20F557F3-EC22-4AD8-981A-69EE59F03C82}.Debug|Any CPU.ActiveCfg = Debug|Any CPU
		{20F557F3-EC22-4AD8-981A-69EE59F03C82}.Debug|Any CPU.Build.0 = Debug|Any CPU
		{20F557F3-EC22-4AD8-981A-69EE59F03C82}.Release|Any CPU.ActiveCfg = Release|Any CPU
		{20F557F3-EC22-4AD8-981A-69EE59F03C82}.Release|Any CPU.Build.0 = Release|Any CPU
	EndGlobalSection
	GlobalSection(SolutionProperties) = preSolution
		HideSolutionNode = FALSE
	EndGlobalSection
	GlobalSection(ExtensibilityGlobals) = postSolution
		SolutionGuid = {6EC20E03-39D3-4851-A38D-776B173E3E52}
	EndGlobalSection
EndGlobal
